{
  "version": 4,
  "terraform_version": "0.12.24",
  "serial": 387,
  "lineage": "166f3326-9c09-87fc-a931-2121db902e68",
  "outputs": {
    "elastic-01": {
      "value": "35.199.10.39",
      "type": "string"
    },
    "elastic-02": {
      "value": "35.230.161.129",
      "type": "string"
    },
    "elastic-03": {
      "value": "35.194.70.120",
      "type": "string"
    },
    "lb_address": {
      "value": "34.117.102.198",
      "type": "string"
    }
  },
  "resources": [
    {
      "mode": "managed",
      "type": "google_compute_backend_service",
      "name": "default",
      "provider": "provider.google",
      "instances": [
        {
          "schema_version": 1,
          "attributes": {
            "affinity_cookie_ttl_sec": 0,
            "backend": [
              {
                "balancing_mode": "RATE",
                "capacity_scaler": 0.4,
                "description": "",
                "group": "https://www.googleapis.com/compute/v1/projects/organic-boulder-284215/zones/us-east4-a/instanceGroups/kibana-group-01",
                "max_connections": null,
                "max_connections_per_endpoint": null,
                "max_connections_per_instance": null,
                "max_rate": null,
                "max_rate_per_endpoint": null,
                "max_rate_per_instance": 50,
                "max_utilization": 0.8
              },
              {
                "balancing_mode": "RATE",
                "capacity_scaler": 0.4,
                "description": "",
                "group": "https://www.googleapis.com/compute/v1/projects/organic-boulder-284215/zones/us-east4-b/instanceGroups/kibana-group-02",
                "max_connections": null,
                "max_connections_per_endpoint": null,
                "max_connections_per_instance": null,
                "max_rate": null,
                "max_rate_per_endpoint": null,
                "max_rate_per_instance": 50,
                "max_utilization": 0.8
              }
            ],
            "cdn_policy": [],
            "circuit_breakers": [],
            "connection_draining_timeout_sec": 300,
            "consistent_hash": [],
            "creation_timestamp": "2021-02-02T12:11:31.385-08:00",
            "custom_request_headers": null,
            "description": "",
            "enable_cdn": false,
            "fingerprint": "-vOyrUxJhX0=",
            "health_checks": [
              "projects/organic-boulder-284215/global/healthChecks/check-backend"
            ],
            "iap": [],
            "id": "projects/organic-boulder-284215/global/backendServices/backend",
            "load_balancing_scheme": "EXTERNAL",
            "locality_lb_policy": "",
            "log_config": [],
            "name": "backend",
            "outlier_detection": [],
            "port_name": "http",
            "project": "organic-boulder-284215",
            "protocol": "HTTP",
            "security_policy": "",
            "self_link": "https://www.googleapis.com/compute/v1/projects/organic-boulder-284215/global/backendServices/backend",
            "session_affinity": "NONE",
            "timeout_sec": 10,
            "timeouts": null
          },
          "private": "eyJlMmJmYjczMC1lY2FhLTExZTYtOGY4OC0zNDM2M2JjN2M0YzAiOnsiY3JlYXRlIjoyNDAwMDAwMDAwMDAsImRlbGV0ZSI6MjQwMDAwMDAwMDAwLCJ1cGRhdGUiOjI0MDAwMDAwMDAwMH0sInNjaGVtYV92ZXJzaW9uIjoiMSJ9",
          "dependencies": [
            "google_compute_health_check.default",
            "google_compute_instance.elastic-01",
            "google_compute_instance.elastic-02",
            "google_compute_instance_group.kibana-01",
            "google_compute_instance_group.kibana-02"
          ]
        }
      ]
    },
    {
      "mode": "managed",
      "type": "google_compute_global_forwarding_rule",
      "name": "default",
      "provider": "provider.google",
      "instances": [
        {
          "schema_version": 0,
          "attributes": {
            "description": "",
            "id": "projects/organic-boulder-284215/global/forwardingRules/global-rule",
            "ip_address": "34.117.102.198",
            "ip_protocol": "TCP",
            "ip_version": "",
            "load_balancing_scheme": "EXTERNAL",
            "metadata_filters": [],
            "name": "global-rule",
            "port_range": "80-80",
            "project": "organic-boulder-284215",
            "self_link": "https://www.googleapis.com/compute/v1/projects/organic-boulder-284215/global/forwardingRules/global-rule",
            "target": "https://www.googleapis.com/compute/v1/projects/organic-boulder-284215/global/targetHttpProxies/target-proxy",
            "timeouts": null
          },
          "private": "eyJlMmJmYjczMC1lY2FhLTExZTYtOGY4OC0zNDM2M2JjN2M0YzAiOnsiY3JlYXRlIjoyNDAwMDAwMDAwMDAsImRlbGV0ZSI6MjQwMDAwMDAwMDAwLCJ1cGRhdGUiOjI0MDAwMDAwMDAwMH19",
          "dependencies": [
            "google_compute_backend_service.default",
            "google_compute_health_check.default",
            "google_compute_instance.elastic-01",
            "google_compute_instance.elastic-02",
            "google_compute_instance_group.kibana-01",
            "google_compute_instance_group.kibana-02",
            "google_compute_target_http_proxy.default",
            "google_compute_url_map.default"
          ]
        }
      ]
    },
    {
      "mode": "managed",
      "type": "google_compute_health_check",
      "name": "default",
      "provider": "provider.google",
      "instances": [
        {
          "schema_version": 0,
          "attributes": {
            "check_interval_sec": 1,
            "creation_timestamp": "2021-02-02T12:11:00.085-08:00",
            "description": "",
            "healthy_threshold": 2,
            "http2_health_check": [],
            "http_health_check": [],
            "https_health_check": [],
            "id": "projects/organic-boulder-284215/global/healthChecks/check-backend",
            "name": "check-backend",
            "project": "organic-boulder-284215",
            "self_link": "https://www.googleapis.com/compute/v1/projects/organic-boulder-284215/global/healthChecks/check-backend",
            "ssl_health_check": [],
            "tcp_health_check": [
              {
                "port": 5601,
                "port_name": "",
                "port_specification": "",
                "proxy_header": "NONE",
                "request": "",
                "response": ""
              }
            ],
            "timeout_sec": 1,
            "timeouts": null,
            "type": "TCP",
            "unhealthy_threshold": 2
          },
          "private": "eyJlMmJmYjczMC1lY2FhLTExZTYtOGY4OC0zNDM2M2JjN2M0YzAiOnsiY3JlYXRlIjoyNDAwMDAwMDAwMDAsImRlbGV0ZSI6MjQwMDAwMDAwMDAwLCJ1cGRhdGUiOjI0MDAwMDAwMDAwMH19"
        }
      ]
    },
    {
      "mode": "managed",
      "type": "google_compute_instance",
      "name": "elastic-01",
      "provider": "provider.google",
      "instances": [
        {
          "schema_version": 6,
          "attributes": {
            "allow_stopping_for_update": null,
            "attached_disk": [],
            "boot_disk": [
              {
                "auto_delete": true,
                "device_name": "persistent-disk-0",
                "disk_encryption_key_raw": "",
                "disk_encryption_key_sha256": "",
                "initialize_params": [
                  {
                    "image": "https://www.googleapis.com/compute/v1/projects/centos-cloud/global/images/centos-7-v20210122",
                    "labels": {},
                    "size": 30,
                    "type": "pd-standard"
                  }
                ],
                "kms_key_self_link": "",
                "mode": "READ_WRITE",
                "source": "https://www.googleapis.com/compute/v1/projects/organic-boulder-284215/zones/us-east4-a/disks/elastic-01"
              }
            ],
            "can_ip_forward": false,
            "cpu_platform": "Intel Broadwell",
            "current_status": "RUNNING",
            "deletion_protection": false,
            "description": "",
            "desired_status": null,
            "enable_display": false,
            "guest_accelerator": [],
            "hostname": "elastic-01.srv",
            "id": "projects/organic-boulder-284215/zones/us-east4-a/instances/elastic-01",
            "instance_id": "3859948504377200442",
            "label_fingerprint": "42WmSpB8rSM=",
            "labels": null,
            "machine_type": "n1-standard-2",
            "metadata": {
              "ssh-keys": "silveira:ssh-rsa AAAAB3NzaC1yc2EAAAADAQABAAABAQC4VO5uudtgs2Cf0YB9bNqc7ZV5ZUkdwlfuYXPtQlxzh1v5sj5ut7aB0uKl62kwgkeb/ZjjOXR27bnKEBBE/1+5NaIripzUglSb4sxuDwhs96hjAy6UMOpN8Hj/ag5tvDDUPZ9c/p13f2DrTK+uDENBMAsZXwlW7l0ik09MU4GbeLh6sjP2UqHQpACCu4/Ik0puMqRHbk9K1ZXzrTKd7puXQ0rhDquWB1isCqwFdGBmQk1ZYtG+m9Xqr16IXqAMyNIWjrz3EjhwDMqhuoqfnSipJ+hmWVjOrb2IkCsy+dZd3LYzXmu3iymzufBHkTv9KYctd9cg+oG2pz1J9mxrCXdP silveira@silveira\n"
            },
            "metadata_fingerprint": "PhCsxwuZN08=",
            "metadata_startup_script": "",
            "min_cpu_platform": "",
            "name": "elastic-01",
            "network_interface": [
              {
                "access_config": [
                  {
                    "nat_ip": "35.199.10.39",
                    "network_tier": "PREMIUM",
                    "public_ptr_domain_name": ""
                  }
                ],
                "alias_ip_range": [],
                "name": "nic0",
                "network": "https://www.googleapis.com/compute/v1/projects/organic-boulder-284215/global/networks/default",
                "network_ip": "10.150.0.15",
                "subnetwork": "https://www.googleapis.com/compute/v1/projects/organic-boulder-284215/regions/us-east4/subnetworks/default",
                "subnetwork_project": "organic-boulder-284215"
              }
            ],
            "project": "organic-boulder-284215",
            "resource_policies": null,
            "scheduling": [
              {
                "automatic_restart": true,
                "node_affinities": [],
                "on_host_maintenance": "MIGRATE",
                "preemptible": false
              }
            ],
            "scratch_disk": [],
            "self_link": "https://www.googleapis.com/compute/v1/projects/organic-boulder-284215/zones/us-east4-a/instances/elastic-01",
            "service_account": [],
            "shielded_instance_config": [
              {
                "enable_integrity_monitoring": true,
                "enable_secure_boot": false,
                "enable_vtpm": true
              }
            ],
            "tags": null,
            "tags_fingerprint": "42WmSpB8rSM=",
            "timeouts": null,
            "zone": "us-east4-a"
          },
          "private": "eyJlMmJmYjczMC1lY2FhLTExZTYtOGY4OC0zNDM2M2JjN2M0YzAiOnsiY3JlYXRlIjoxMjAwMDAwMDAwMDAwLCJkZWxldGUiOjEyMDAwMDAwMDAwMDAsInVwZGF0ZSI6MTIwMDAwMDAwMDAwMH0sInNjaGVtYV92ZXJzaW9uIjoiNiJ9"
        }
      ]
    },
    {
      "mode": "managed",
      "type": "google_compute_instance",
      "name": "elastic-02",
      "provider": "provider.google",
      "instances": [
        {
          "schema_version": 6,
          "attributes": {
            "allow_stopping_for_update": null,
            "attached_disk": [],
            "boot_disk": [
              {
                "auto_delete": true,
                "device_name": "persistent-disk-0",
                "disk_encryption_key_raw": "",
                "disk_encryption_key_sha256": "",
                "initialize_params": [
                  {
                    "image": "https://www.googleapis.com/compute/v1/projects/centos-cloud/global/images/centos-7-v20210122",
                    "labels": {},
                    "size": 30,
                    "type": "pd-standard"
                  }
                ],
                "kms_key_self_link": "",
                "mode": "READ_WRITE",
                "source": "https://www.googleapis.com/compute/v1/projects/organic-boulder-284215/zones/us-east4-b/disks/elastic-02"
              }
            ],
            "can_ip_forward": false,
            "cpu_platform": "Intel Broadwell",
            "current_status": "RUNNING",
            "deletion_protection": false,
            "description": "",
            "desired_status": null,
            "enable_display": false,
            "guest_accelerator": [],
            "hostname": "elastic-02.srv",
            "id": "projects/organic-boulder-284215/zones/us-east4-b/instances/elastic-02",
            "instance_id": "5881270120872152890",
            "label_fingerprint": "42WmSpB8rSM=",
            "labels": null,
            "machine_type": "n1-standard-2",
            "metadata": {
              "ssh-keys": "silveira:ssh-rsa AAAAB3NzaC1yc2EAAAADAQABAAABAQC4VO5uudtgs2Cf0YB9bNqc7ZV5ZUkdwlfuYXPtQlxzh1v5sj5ut7aB0uKl62kwgkeb/ZjjOXR27bnKEBBE/1+5NaIripzUglSb4sxuDwhs96hjAy6UMOpN8Hj/ag5tvDDUPZ9c/p13f2DrTK+uDENBMAsZXwlW7l0ik09MU4GbeLh6sjP2UqHQpACCu4/Ik0puMqRHbk9K1ZXzrTKd7puXQ0rhDquWB1isCqwFdGBmQk1ZYtG+m9Xqr16IXqAMyNIWjrz3EjhwDMqhuoqfnSipJ+hmWVjOrb2IkCsy+dZd3LYzXmu3iymzufBHkTv9KYctd9cg+oG2pz1J9mxrCXdP silveira@silveira\n"
            },
            "metadata_fingerprint": "PhCsxwuZN08=",
            "metadata_startup_script": "",
            "min_cpu_platform": "",
            "name": "elastic-02",
            "network_interface": [
              {
                "access_config": [
                  {
                    "nat_ip": "35.230.161.129",
                    "network_tier": "PREMIUM",
                    "public_ptr_domain_name": ""
                  }
                ],
                "alias_ip_range": [],
                "name": "nic0",
                "network": "https://www.googleapis.com/compute/v1/projects/organic-boulder-284215/global/networks/default",
                "network_ip": "10.150.0.16",
                "subnetwork": "https://www.googleapis.com/compute/v1/projects/organic-boulder-284215/regions/us-east4/subnetworks/default",
                "subnetwork_project": "organic-boulder-284215"
              }
            ],
            "project": "organic-boulder-284215",
            "resource_policies": null,
            "scheduling": [
              {
                "automatic_restart": true,
                "node_affinities": [],
                "on_host_maintenance": "MIGRATE",
                "preemptible": false
              }
            ],
            "scratch_disk": [],
            "self_link": "https://www.googleapis.com/compute/v1/projects/organic-boulder-284215/zones/us-east4-b/instances/elastic-02",
            "service_account": [],
            "shielded_instance_config": [
              {
                "enable_integrity_monitoring": true,
                "enable_secure_boot": false,
                "enable_vtpm": true
              }
            ],
            "tags": null,
            "tags_fingerprint": "42WmSpB8rSM=",
            "timeouts": null,
            "zone": "us-east4-b"
          },
          "private": "eyJlMmJmYjczMC1lY2FhLTExZTYtOGY4OC0zNDM2M2JjN2M0YzAiOnsiY3JlYXRlIjoxMjAwMDAwMDAwMDAwLCJkZWxldGUiOjEyMDAwMDAwMDAwMDAsInVwZGF0ZSI6MTIwMDAwMDAwMDAwMH0sInNjaGVtYV92ZXJzaW9uIjoiNiJ9"
        }
      ]
    },
    {
      "mode": "managed",
      "type": "google_compute_instance",
      "name": "elastic-03",
      "provider": "provider.google",
      "instances": [
        {
          "schema_version": 6,
          "attributes": {
            "allow_stopping_for_update": null,
            "attached_disk": [],
            "boot_disk": [
              {
                "auto_delete": true,
                "device_name": "persistent-disk-0",
                "disk_encryption_key_raw": "",
                "disk_encryption_key_sha256": "",
                "initialize_params": [
                  {
                    "image": "https://www.googleapis.com/compute/v1/projects/centos-cloud/global/images/centos-7-v20210122",
                    "labels": {},
                    "size": 30,
                    "type": "pd-standard"
                  }
                ],
                "kms_key_self_link": "",
                "mode": "READ_WRITE",
                "source": "https://www.googleapis.com/compute/v1/projects/organic-boulder-284215/zones/us-east4-c/disks/elastic-03"
              }
            ],
            "can_ip_forward": false,
            "cpu_platform": "Intel Broadwell",
            "current_status": "RUNNING",
            "deletion_protection": false,
            "description": "",
            "desired_status": null,
            "enable_display": false,
            "guest_accelerator": [],
            "hostname": "elastic-03.srv",
            "id": "projects/organic-boulder-284215/zones/us-east4-c/instances/elastic-03",
            "instance_id": "2606784498896211770",
            "label_fingerprint": "42WmSpB8rSM=",
            "labels": null,
            "machine_type": "n1-standard-2",
            "metadata": {
              "ssh-keys": "silveira:ssh-rsa AAAAB3NzaC1yc2EAAAADAQABAAABAQC4VO5uudtgs2Cf0YB9bNqc7ZV5ZUkdwlfuYXPtQlxzh1v5sj5ut7aB0uKl62kwgkeb/ZjjOXR27bnKEBBE/1+5NaIripzUglSb4sxuDwhs96hjAy6UMOpN8Hj/ag5tvDDUPZ9c/p13f2DrTK+uDENBMAsZXwlW7l0ik09MU4GbeLh6sjP2UqHQpACCu4/Ik0puMqRHbk9K1ZXzrTKd7puXQ0rhDquWB1isCqwFdGBmQk1ZYtG+m9Xqr16IXqAMyNIWjrz3EjhwDMqhuoqfnSipJ+hmWVjOrb2IkCsy+dZd3LYzXmu3iymzufBHkTv9KYctd9cg+oG2pz1J9mxrCXdP silveira@silveira\n"
            },
            "metadata_fingerprint": "PhCsxwuZN08=",
            "metadata_startup_script": "",
            "min_cpu_platform": "",
            "name": "elastic-03",
            "network_interface": [
              {
                "access_config": [
                  {
                    "nat_ip": "35.194.70.120",
                    "network_tier": "PREMIUM",
                    "public_ptr_domain_name": ""
                  }
                ],
                "alias_ip_range": [],
                "name": "nic0",
                "network": "https://www.googleapis.com/compute/v1/projects/organic-boulder-284215/global/networks/default",
                "network_ip": "10.150.0.17",
                "subnetwork": "https://www.googleapis.com/compute/v1/projects/organic-boulder-284215/regions/us-east4/subnetworks/default",
                "subnetwork_project": "organic-boulder-284215"
              }
            ],
            "project": "organic-boulder-284215",
            "resource_policies": null,
            "scheduling": [
              {
                "automatic_restart": true,
                "node_affinities": [],
                "on_host_maintenance": "MIGRATE",
                "preemptible": false
              }
            ],
            "scratch_disk": [],
            "self_link": "https://www.googleapis.com/compute/v1/projects/organic-boulder-284215/zones/us-east4-c/instances/elastic-03",
            "service_account": [],
            "shielded_instance_config": [
              {
                "enable_integrity_monitoring": true,
                "enable_secure_boot": false,
                "enable_vtpm": true
              }
            ],
            "tags": null,
            "tags_fingerprint": "42WmSpB8rSM=",
            "timeouts": null,
            "zone": "us-east4-c"
          },
          "private": "eyJlMmJmYjczMC1lY2FhLTExZTYtOGY4OC0zNDM2M2JjN2M0YzAiOnsiY3JlYXRlIjoxMjAwMDAwMDAwMDAwLCJkZWxldGUiOjEyMDAwMDAwMDAwMDAsInVwZGF0ZSI6MTIwMDAwMDAwMDAwMH0sInNjaGVtYV92ZXJzaW9uIjoiNiJ9"
        }
      ]
    },
    {
      "mode": "managed",
      "type": "google_compute_instance_group",
      "name": "kibana-01",
      "provider": "provider.google",
      "instances": [
        {
          "schema_version": 2,
          "attributes": {
            "description": "",
            "id": "projects/organic-boulder-284215/zones/us-east4-a/instanceGroups/kibana-group-01",
            "instances": [
              "projects/organic-boulder-284215/zones/us-east4-a/instances/elastic-01"
            ],
            "name": "kibana-group-01",
            "named_port": [
              {
                "name": "http",
                "port": 5601
              }
            ],
            "network": "https://www.googleapis.com/compute/v1/projects/organic-boulder-284215/global/networks/default",
            "project": "organic-boulder-284215",
            "self_link": "https://www.googleapis.com/compute/v1/projects/organic-boulder-284215/zones/us-east4-a/instanceGroups/kibana-group-01",
            "size": 1,
            "timeouts": null,
            "zone": "us-east4-a"
          },
          "private": "eyJlMmJmYjczMC1lY2FhLTExZTYtOGY4OC0zNDM2M2JjN2M0YzAiOnsiY3JlYXRlIjozNjAwMDAwMDAwMDAsImRlbGV0ZSI6MzYwMDAwMDAwMDAwLCJ1cGRhdGUiOjM2MDAwMDAwMDAwMH0sInNjaGVtYV92ZXJzaW9uIjoiMiJ9",
          "dependencies": [
            "google_compute_instance.elastic-01"
          ]
        }
      ]
    },
    {
      "mode": "managed",
      "type": "google_compute_instance_group",
      "name": "kibana-02",
      "provider": "provider.google",
      "instances": [
        {
          "schema_version": 2,
          "attributes": {
            "description": "",
            "id": "projects/organic-boulder-284215/zones/us-east4-b/instanceGroups/kibana-group-02",
            "instances": [
              "projects/organic-boulder-284215/zones/us-east4-b/instances/elastic-02"
            ],
            "name": "kibana-group-02",
            "named_port": [
              {
                "name": "http",
                "port": 5601
              }
            ],
            "network": "https://www.googleapis.com/compute/v1/projects/organic-boulder-284215/global/networks/default",
            "project": "organic-boulder-284215",
            "self_link": "https://www.googleapis.com/compute/v1/projects/organic-boulder-284215/zones/us-east4-b/instanceGroups/kibana-group-02",
            "size": 1,
            "timeouts": null,
            "zone": "us-east4-b"
          },
          "private": "eyJlMmJmYjczMC1lY2FhLTExZTYtOGY4OC0zNDM2M2JjN2M0YzAiOnsiY3JlYXRlIjozNjAwMDAwMDAwMDAsImRlbGV0ZSI6MzYwMDAwMDAwMDAwLCJ1cGRhdGUiOjM2MDAwMDAwMDAwMH0sInNjaGVtYV92ZXJzaW9uIjoiMiJ9",
          "dependencies": [
            "google_compute_instance.elastic-02"
          ]
        }
      ]
    },
    {
      "mode": "managed",
      "type": "google_compute_target_http_proxy",
      "name": "default",
      "provider": "provider.google",
      "instances": [
        {
          "schema_version": 0,
          "attributes": {
            "creation_timestamp": "2021-02-02T12:11:55.614-08:00",
            "description": "",
            "id": "projects/organic-boulder-284215/global/targetHttpProxies/target-proxy",
            "name": "target-proxy",
            "project": "organic-boulder-284215",
            "proxy_id": 2228090231611198692,
            "self_link": "https://www.googleapis.com/compute/v1/projects/organic-boulder-284215/global/targetHttpProxies/target-proxy",
            "timeouts": null,
            "url_map": "https://www.googleapis.com/compute/v1/projects/organic-boulder-284215/global/urlMaps/url-map-target-proxy"
          },
          "private": "eyJlMmJmYjczMC1lY2FhLTExZTYtOGY4OC0zNDM2M2JjN2M0YzAiOnsiY3JlYXRlIjoyNDAwMDAwMDAwMDAsImRlbGV0ZSI6MjQwMDAwMDAwMDAwLCJ1cGRhdGUiOjI0MDAwMDAwMDAwMH19",
          "dependencies": [
            "google_compute_backend_service.default",
            "google_compute_health_check.default",
            "google_compute_instance.elastic-01",
            "google_compute_instance.elastic-02",
            "google_compute_instance_group.kibana-01",
            "google_compute_instance_group.kibana-02",
            "google_compute_url_map.default"
          ]
        }
      ]
    },
    {
      "mode": "managed",
      "type": "google_compute_url_map",
      "name": "default",
      "provider": "provider.google",
      "instances": [
        {
          "schema_version": 0,
          "attributes": {
            "creation_timestamp": "2021-02-02T12:11:43.560-08:00",
            "default_route_action": [],
            "default_service": "https://www.googleapis.com/compute/v1/projects/organic-boulder-284215/global/backendServices/backend",
            "default_url_redirect": [],
            "description": "",
            "fingerprint": "mfCUGagXoJU=",
            "header_action": [],
            "host_rule": [],
            "id": "projects/organic-boulder-284215/global/urlMaps/url-map-target-proxy",
            "map_id": 4059860548898262800,
            "name": "url-map-target-proxy",
            "path_matcher": [],
            "project": "organic-boulder-284215",
            "self_link": "https://www.googleapis.com/compute/v1/projects/organic-boulder-284215/global/urlMaps/url-map-target-proxy",
            "test": [],
            "timeouts": null
          },
          "private": "eyJlMmJmYjczMC1lY2FhLTExZTYtOGY4OC0zNDM2M2JjN2M0YzAiOnsiY3JlYXRlIjoyNDAwMDAwMDAwMDAsImRlbGV0ZSI6MjQwMDAwMDAwMDAwLCJ1cGRhdGUiOjI0MDAwMDAwMDAwMH19",
          "dependencies": [
            "google_compute_backend_service.default",
            "google_compute_health_check.default",
            "google_compute_instance.elastic-01",
            "google_compute_instance.elastic-02",
            "google_compute_instance_group.kibana-01",
            "google_compute_instance_group.kibana-02"
          ]
        }
      ]
    },
    {
      "mode": "managed",
      "type": "null_resource",
      "name": "hosts",
      "provider": "provider.null",
      "instances": [
        {
          "schema_version": 0,
          "attributes": {
            "id": "6436081892618856707",
            "triggers": {
              "anything1": "35.199.10.39",
              "anything2": "35.230.161.129",
              "anything3": "35.194.70.120"
            }
          },
          "private": "bnVsbA==",
          "dependencies": [
            "google_compute_instance.elastic-01",
            "google_compute_instance.elastic-02",
            "google_compute_instance.elastic-03"
          ]
        }
      ]
    }
  ]
}
